
Microsoft Visual Studio Solution File, Format Version 12.00
# Visual Studio Version 17
VisualStudioVersion = 17.13.35818.85 d17.13
MinimumVisualStudioVersion = 10.0.40219.1
Project("{FAE04EC0-301F-11D3-BF4B-00C04F79EFBC}") = "ResQLink", "ResQLink\ResQLink.csproj", "{EF820102-A570-4E86-96CF-E4D9DF46A200}"
EndProject
Global
	GlobalSection(SolutionConfigurationPlatforms) = preSolution
		Debug|Any CPU = Debug|Any CPU
		Release|Any CPU = Release|Any CPU
	EndGlobalSection
	GlobalSection(ProjectConfigurationPlatforms) = postSolution
		{EF820102-A570-4E86-96CF-E4D9DF46A200}.Debug|Any CPU.ActiveCfg = Debug|Any CPU
		{EF820102-A570-4E86-96CF-E4D9DF46A200}.Debug|Any CPU.Build.0 = Debug|Any CPU
		{EF820102-A570-4E86-96CF-E4D9DF46A200}.Release|Any CPU.ActiveCfg = Release|Any CPU
		{EF820102-A570-4E86-96CF-E4D9DF46A200}.Release|Any CPU.Build.0 = Release|Any CPU
	EndGlobalSection
	GlobalSection(SolutionProperties) = preSolution
		HideSolutionNode = FALSE
	EndGlobalSection
	GlobalSection(ExtensibilityGlobals) = postSolution
		SolutionGuid = {18246208-D21E-4E62-A215-7FAAD1CA6E4F}
	EndGlobalSection
EndGlobal
